
Microsoft Visual Studio Solution File, Format Version 12.00
# Visual Studio Version 17
VisualStudioVersion = 17.0.32112.339
MinimumVisualStudioVersion = 10.0.40219.1
Project("{FAE04EC0-301F-11D3-BF4B-00C04F79EFBC}") = "MovieManagement.Api", "MovieManagement\MovieManagement.Api.csproj", "{E9AC3400-A8C7-4619-B9BB-42D0CA7989BE}"
EndProject
Project("{2150E333-8FDC-42A3-9474-1A3956D46DE8}") = "Core", "Core", "{4F51E4D3-F50C-4686-9898-0E25F907BB47}"
EndProject
Project("{2150E333-8FDC-42A3-9474-1A3956D46DE8}") = "Infrastructure", "Infrastructure", "{57C99B15-2B9D-441C-AFD1-98657D5AD614}"
EndProject
Project("{2150E333-8FDC-42A3-9474-1A3956D46DE8}") = "Presentation", "Presentation", "{D868DD91-D53D-49D1-8413-DBDF52CA6C93}"
EndProject
Project("{FAE04EC0-301F-11D3-BF4B-00C04F79EFBC}") = "MovieManagement.Application", "MovieManagement.Application\MovieManagement.Application.csproj", "{591CD44D-7BB1-4717-B22C-0FD2F8BDF58B}"
EndProject
Project("{FAE04EC0-301F-11D3-BF4B-00C04F79EFBC}") = "MovieManagement.Common", "MovieManagement.Common\MovieManagement.Common.csproj", "{71ACE2CC-7E3D-4F93-93EF-DB07F6A081B5}"
EndProject
Project("{FAE04EC0-301F-11D3-BF4B-00C04F79EFBC}") = "MovieManagement.Domain", "MovieManagement.Domain\MovieManagement.Domain.csproj", "{26D06DAE-8AF7-4A98-895B-CF0F4C9FAD3F}"
EndProject
Project("{FAE04EC0-301F-11D3-BF4B-00C04F79EFBC}") = "MovieManagement.Infrastructure", "MovieManagement.Infrastructure\MovieManagement.Infrastructure.csproj", "{4BEFC6F3-D717-461B-8808-42DC693BD6FC}"
EndProject
Project("{FAE04EC0-301F-11D3-BF4B-00C04F79EFBC}") = "MovieManagement.Persistance", "MovieManagement.Persistance\MovieManagement.Persistance.csproj", "{8A1E7C26-611C-4B1E-B992-F4FBA99FB641}"
EndProject
Global
	GlobalSection(SolutionConfigurationPlatforms) = preSolution
		Debug|Any CPU = Debug|Any CPU
		Release|Any CPU = Release|Any CPU
	EndGlobalSection
	GlobalSection(ProjectConfigurationPlatforms) = postSolution
		{E9AC3400-A8C7-4619-B9BB-42D0CA7989BE}.Debug|Any CPU.ActiveCfg = Debug|Any CPU
		{E9AC3400-A8C7-4619-B9BB-42D0CA7989BE}.Debug|Any CPU.Build.0 = Debug|Any CPU
		{E9AC3400-A8C7-4619-B9BB-42D0CA7989BE}.Release|Any CPU.ActiveCfg = Release|Any CPU
		{E9AC3400-A8C7-4619-B9BB-42D0CA7989BE}.Release|Any CPU.Build.0 = Release|Any CPU
		{591CD44D-7BB1-4717-B22C-0FD2F8BDF58B}.Debug|Any CPU.ActiveCfg = Debug|Any CPU
		{591CD44D-7BB1-4717-B22C-0FD2F8BDF58B}.Debug|Any CPU.Build.0 = Debug|Any CPU
		{591CD44D-7BB1-4717-B22C-0FD2F8BDF58B}.Release|Any CPU.ActiveCfg = Release|Any CPU
		{591CD44D-7BB1-4717-B22C-0FD2F8BDF58B}.Release|Any CPU.Build.0 = Release|Any CPU
		{71ACE2CC-7E3D-4F93-93EF-DB07F6A081B5}.Debug|Any CPU.ActiveCfg = Debug|Any CPU
		{71ACE2CC-7E3D-4F93-93EF-DB07F6A081B5}.Debug|Any CPU.Build.0 = Debug|Any CPU
		{71ACE2CC-7E3D-4F93-93EF-DB07F6A081B5}.Release|Any CPU.ActiveCfg = Release|Any CPU
		{71ACE2CC-7E3D-4F93-93EF-DB07F6A081B5}.Release|Any CPU.Build.0 = Release|Any CPU
		{26D06DAE-8AF7-4A98-895B-CF0F4C9FAD3F}.Debug|Any CPU.ActiveCfg = Debug|Any CPU
		{26D06DAE-8AF7-4A98-895B-CF0F4C9FAD3F}.Debug|Any CPU.Build.0 = Debug|Any CPU
		{26D06DAE-8AF7-4A98-895B-CF0F4C9FAD3F}.Release|Any CPU.ActiveCfg = Release|Any CPU
		{26D06DAE-8AF7-4A98-895B-CF0F4C9FAD3F}.Release|Any CPU.Build.0 = Release|Any CPU
		{4BEFC6F3-D717-461B-8808-42DC693BD6FC}.Debug|Any CPU.ActiveCfg = Debug|Any CPU
		{4BEFC6F3-D717-461B-8808-42DC693BD6FC}.Debug|Any CPU.Build.0 = Debug|Any CPU
		{4BEFC6F3-D717-461B-8808-42DC693BD6FC}.Release|Any CPU.ActiveCfg = Release|Any CPU
		{4BEFC6F3-D717-461B-8808-42DC693BD6FC}.Release|Any CPU.Build.0 = Release|Any CPU
		{8A1E7C26-611C-4B1E-B992-F4FBA99FB641}.Debug|Any CPU.ActiveCfg = Debug|Any CPU
		{8A1E7C26-611C-4B1E-B992-F4FBA99FB641}.Debug|Any CPU.Build.0 = Debug|Any CPU
		{8A1E7C26-611C-4B1E-B992-F4FBA99FB641}.Release|Any CPU.ActiveCfg = Release|Any CPU
		{8A1E7C26-611C-4B1E-B992-F4FBA99FB641}.Release|Any CPU.Build.0 = Release|Any CPU
	EndGlobalSection
	GlobalSection(SolutionProperties) = preSolution
		HideSolutionNode = FALSE
	EndGlobalSection
	GlobalSection(NestedProjects) = preSolution
		{E9AC3400-A8C7-4619-B9BB-42D0CA7989BE} = {D868DD91-D53D-49D1-8413-DBDF52CA6C93}
		{591CD44D-7BB1-4717-B22C-0FD2F8BDF58B} = {4F51E4D3-F50C-4686-9898-0E25F907BB47}
		{71ACE2CC-7E3D-4F93-93EF-DB07F6A081B5} = {4F51E4D3-F50C-4686-9898-0E25F907BB47}
		{26D06DAE-8AF7-4A98-895B-CF0F4C9FAD3F} = {4F51E4D3-F50C-4686-9898-0E25F907BB47}
		{4BEFC6F3-D717-461B-8808-42DC693BD6FC} = {57C99B15-2B9D-441C-AFD1-98657D5AD614}
		{8A1E7C26-611C-4B1E-B992-F4FBA99FB641} = {57C99B15-2B9D-441C-AFD1-98657D5AD614}
	EndGlobalSection
	GlobalSection(ExtensibilityGlobals) = postSolution
		SolutionGuid = {0AD43D28-BD14-4963-83B8-E10EF756263C}
	EndGlobalSection
EndGlobal
